// !$*UTF8*$!
{
	archiveVersion = 1;
	classes = {
	};
	objectVersion = 56;
	objects = {

/* Begin PBXBuildFile section */
		3754ED5D2A1F34D700691725 /* buồn.mp3 in Resources */ = {isa = PBXBuildFile; fileRef = 3754ED332A1F34D700691725 /* buồn.mp3 */; };
		3754ED5E2A1F34D700691725 /* thank you.mp3 in Resources */ = {isa = PBXBuildFile; fileRef = 3754ED342A1F34D700691725 /* thank you.mp3 */; };
		3754ED5F2A1F34D700691725 /* bố.mp3 in Resources */ = {isa = PBXBuildFile; fileRef = 3754ED352A1F34D700691725 /* bố.mp3 */; };
		3754ED602A1F34D700691725 /* chicken-little.mp3 in Resources */ = {isa = PBXBuildFile; fileRef = 3754ED362A1F34D700691725 /* chicken-little.mp3 */; };
		3754ED612A1F34D700691725 /* xấu.mp3 in Resources */ = {isa = PBXBuildFile; fileRef = 3754ED372A1F34D700691725 /* xấu.mp3 */; };
		3754ED622A1F34D700691725 /* sai.mp3 in Resources */ = {isa = PBXBuildFile; fileRef = 3754ED382A1F34D700691725 /* sai.mp3 */; };
		3754ED632A1F34D700691725 /* je t'aime.mp3 in Resources */ = {isa = PBXBuildFile; fileRef = 3754ED392A1F34D700691725 /* je t'aime.mp3 */; };
		3754ED642A1F34D700691725 /* ông.mp3 in Resources */ = {isa = PBXBuildFile; fileRef = 3754ED3A2A1F34D700691725 /* ông.mp3 */; };
		3754ED652A1F34D700691725 /* merci.mp3 in Resources */ = {isa = PBXBuildFile; fileRef = 3754ED3B2A1F34D700691725 /* merci.mp3 */; };
		3754ED662A1F34D700691725 /* chị.mp3 in Resources */ = {isa = PBXBuildFile; fileRef = 3754ED3C2A1F34D700691725 /* chị.mp3 */; };
		3754ED672A1F34D700691725 /* xin chào.mp3 in Resources */ = {isa = PBXBuildFile; fileRef = 3754ED3D2A1F34D700691725 /* xin chào.mp3 */; };
		3754ED682A1F34D700691725 /* vui.mp3 in Resources */ = {isa = PBXBuildFile; fileRef = 3754ED3E2A1F34D700691725 /* vui.mp3 */; };
		3754ED692A1F34D700691725 /* oui.mp3 in Resources */ = {isa = PBXBuildFile; fileRef = 3754ED3F2A1F34D700691725 /* oui.mp3 */; };
		3754ED6A2A1F34D700691725 /* không có gì.mp3 in Resources */ = {isa = PBXBuildFile; fileRef = 3754ED402A1F34D700691725 /* không có gì.mp3 */; };
		3754ED6B2A1F34D700691725 /* đúng.mp3 in Resources */ = {isa = PBXBuildFile; fileRef = 3754ED412A1F34D700691725 /* đúng.mp3 */; };
		3754ED6C2A1F34D700691725 /* con.mp3 in Resources */ = {isa = PBXBuildFile; fileRef = 3754ED422A1F34D700691725 /* con.mp3 */; };
		3754ED6D2A1F34D700691725 /* anh.mp3 in Resources */ = {isa = PBXBuildFile; fileRef = 3754ED432A1F34D700691725 /* anh.mp3 */; };
		3754ED6E2A1F34D700691725 /* je ne sais pas.mp3 in Resources */ = {isa = PBXBuildFile; fileRef = 3754ED442A1F34D700691725 /* je ne sais pas.mp3 */; };
		3754ED6F2A1F34D700691725 /* hello.mp3 in Resources */ = {isa = PBXBuildFile; fileRef = 3754ED452A1F34D700691725 /* hello.mp3 */; };
		3754ED702A1F34D700691725 /* comment.mp3 in Resources */ = {isa = PBXBuildFile; fileRef = 3754ED462A1F34D700691725 /* comment.mp3 */; };
		3754ED712A1F34D700691725 /* bonjour.mp3 in Resources */ = {isa = PBXBuildFile; fileRef = 3754ED472A1F34D700691725 /* bonjour.mp3 */; };
		3754ED722A1F34D700691725 /* s'il vous plaît.mp3 in Resources */ = {isa = PBXBuildFile; fileRef = 3754ED482A1F34D700691725 /* s'il vous plaît.mp3 */; };
		3754ED732A1F34D700691725 /* parlez-vous.mp3 in Resources */ = {isa = PBXBuildFile; fileRef = 3754ED492A1F34D700691725 /* parlez-vous.mp3 */; };
		3754ED742A1F34D700691725 /* em.mp3 in Resources */ = {isa = PBXBuildFile; fileRef = 3754ED4A2A1F34D700691725 /* em.mp3 */; };
		3754ED752A1F34D700691725 /* yes.mp3 in Resources */ = {isa = PBXBuildFile; fileRef = 3754ED4B2A1F34D700691725 /* yes.mp3 */; };
		3754ED762A1F34D700691725 /* excusez-moi.mp3 in Resources */ = {isa = PBXBuildFile; fileRef = 3754ED4C2A1F34D700691725 /* excusez-moi.mp3 */; };
		3754ED772A1F34D700691725 /* moi.mp3 in Resources */ = {isa = PBXBuildFile; fileRef = 3754ED4D2A1F34D700691725 /* moi.mp3 */; };
		3754ED782A1F34D700691725 /* mẹ.mp3 in Resources */ = {isa = PBXBuildFile; fileRef = 3754ED4E2A1F34D700691725 /* mẹ.mp3 */; };
		3754ED792A1F34D700691725 /* bonne nuit.mp3 in Resources */ = {isa = PBXBuildFile; fileRef = 3754ED4F2A1F34D700691725 /* bonne nuit.mp3 */; };
		3754ED7A2A1F34D700691725 /* sorry.mp3 in Resources */ = {isa = PBXBuildFile; fileRef = 3754ED502A1F34D700691725 /* sorry.mp3 */; };
		3754ED7B2A1F34D700691725 /* cảm ơn.mp3 in Resources */ = {isa = PBXBuildFile; fileRef = 3754ED512A1F34D700691725 /* cảm ơn.mp3 */; };
		3754ED7C2A1F34D700691725 /* ma femme.mp3 in Resources */ = {isa = PBXBuildFile; fileRef = 3754ED522A1F34D700691725 /* ma femme.mp3 */; };
		3754ED7D2A1F34D700691725 /* tốt.mp3 in Resources */ = {isa = PBXBuildFile; fileRef = 3754ED532A1F34D700691725 /* tốt.mp3 */; };
		3754ED7E2A1F34D700691725 /* non.mp3 in Resources */ = {isa = PBXBuildFile; fileRef = 3754ED542A1F34D700691725 /* non.mp3 */; };
		3754ED7F2A1F34D700691725 /* au revoir.mp3 in Resources */ = {isa = PBXBuildFile; fileRef = 3754ED552A1F34D700691725 /* au revoir.mp3 */; };
		3754ED802A1F34D700691725 /* bà.mp3 in Resources */ = {isa = PBXBuildFile; fileRef = 3754ED562A1F34D700691725 /* bà.mp3 */; };
		3754ED812A1F34D700691725 /* excuse me.mp3 in Resources */ = {isa = PBXBuildFile; fileRef = 3754ED572A1F34D700691725 /* excuse me.mp3 */; };
		3754ED822A1F34D700691725 /* goodbye.mp3 in Resources */ = {isa = PBXBuildFile; fileRef = 3754ED582A1F34D700691725 /* goodbye.mp3 */; };
		3754ED832A1F34D700691725 /* ma femme est belle.mp3 in Resources */ = {isa = PBXBuildFile; fileRef = 3754ED592A1F34D700691725 /* ma femme est belle.mp3 */; };
		3754ED842A1F34D700691725 /* please.mp3 in Resources */ = {isa = PBXBuildFile; fileRef = 3754ED5A2A1F34D700691725 /* please.mp3 */; };
		3754ED852A1F34D700691725 /* tạm biệt.mp3 in Resources */ = {isa = PBXBuildFile; fileRef = 3754ED5B2A1F34D700691725 /* tạm biệt.mp3 */; };
		3754ED862A1F34D700691725 /* no.mp3 in Resources */ = {isa = PBXBuildFile; fileRef = 3754ED5C2A1F34D700691725 /* no.mp3 */; };
		377ACE212A1EE9B100F574B1 /* vocabs2.json in Resources */ = {isa = PBXBuildFile; fileRef = 377ACE202A1EE9B100F574B1 /* vocabs2.json */; };
		378F64832A10AD9F007FBDD4 /* l2App.swift in Sources */ = {isa = PBXBuildFile; fileRef = 378F64822A10AD9F007FBDD4 /* l2App.swift */; };
		378F64852A10AD9F007FBDD4 /* ContentView.swift in Sources */ = {isa = PBXBuildFile; fileRef = 378F64842A10AD9F007FBDD4 /* ContentView.swift */; };
		378F64872A10ADA0007FBDD4 /* Assets.xcassets in Resources */ = {isa = PBXBuildFile; fileRef = 378F64862A10ADA0007FBDD4 /* Assets.xcassets */; };
		378F648A2A10ADA0007FBDD4 /* Preview Assets.xcassets in Resources */ = {isa = PBXBuildFile; fileRef = 378F64892A10ADA0007FBDD4 /* Preview Assets.xcassets */; };
		378F64942A10ADA0007FBDD4 /* l2Tests.swift in Sources */ = {isa = PBXBuildFile; fileRef = 378F64932A10ADA0007FBDD4 /* l2Tests.swift */; };
		378F649E2A10ADA0007FBDD4 /* l2UITests.swift in Sources */ = {isa = PBXBuildFile; fileRef = 378F649D2A10ADA0007FBDD4 /* l2UITests.swift */; };
		378F64A02A10ADA0007FBDD4 /* l2UITestsLaunchTests.swift in Sources */ = {isa = PBXBuildFile; fileRef = 378F649F2A10ADA0007FBDD4 /* l2UITestsLaunchTests.swift */; };
		378F64AE2A12795B007FBDD4 /* ViewVocab.swift in Sources */ = {isa = PBXBuildFile; fileRef = 378F64AD2A12795B007FBDD4 /* ViewVocab.swift */; };
		378F64B02A12796A007FBDD4 /* ViewB.swift in Sources */ = {isa = PBXBuildFile; fileRef = 378F64AF2A12796A007FBDD4 /* ViewB.swift */; };
		378F64B22A127986007FBDD4 /* Library.swift in Sources */ = {isa = PBXBuildFile; fileRef = 378F64B12A127986007FBDD4 /* Library.swift */; };
		378F64C92A18DB65007FBDD4 /* ModelData.swift in Sources */ = {isa = PBXBuildFile; fileRef = 378F64C82A18DB65007FBDD4 /* ModelData.swift */; };
		378F64CB2A18DDDD007FBDD4 /* stories.json in Resources */ = {isa = PBXBuildFile; fileRef = 378F64CA2A18DDDD007FBDD4 /* stories.json */; };
		378F64CD2A18DF9D007FBDD4 /* Story.swift in Sources */ = {isa = PBXBuildFile; fileRef = 378F64CC2A18DF9D007FBDD4 /* Story.swift */; };
		378F64CF2A18E1A8007FBDD4 /* StoryDetail.swift in Sources */ = {isa = PBXBuildFile; fileRef = 378F64CE2A18E1A8007FBDD4 /* StoryDetail.swift */; };
		378F64D12A18F311007FBDD4 /* ViewVocabDetail.swift in Sources */ = {isa = PBXBuildFile; fileRef = 378F64D02A18F311007FBDD4 /* ViewVocabDetail.swift */; };
		378F64D32A18F8F5007FBDD4 /* Settings.swift in Sources */ = {isa = PBXBuildFile; fileRef = 378F64D22A18F8F5007FBDD4 /* Settings.swift */; };
		378F64D52A19A2B7007FBDD4 /* README.md in Resources */ = {isa = PBXBuildFile; fileRef = 378F64D42A19A2B7007FBDD4 /* README.md */; };
		378F64D72A19AD71007FBDD4 /* vocabs.json in Resources */ = {isa = PBXBuildFile; fileRef = 378F64D62A19AD71007FBDD4 /* vocabs.json */; };
		378F64D92A19ADC9007FBDD4 /* Vocab.swift in Sources */ = {isa = PBXBuildFile; fileRef = 378F64D82A19ADC9007FBDD4 /* Vocab.swift */; };
		378F64DD2A19B186007FBDD4 /* Language.swift in Sources */ = {isa = PBXBuildFile; fileRef = 378F64DC2A19B186007FBDD4 /* Language.swift */; };
		378F64E32A19B32F007FBDD4 /* languages.json in Resources */ = {isa = PBXBuildFile; fileRef = 378F64E22A19B32F007FBDD4 /* languages.json */; };
		378F650D2A1A2353007FBDD4 /* StoryPlayer.swift in Sources */ = {isa = PBXBuildFile; fileRef = 378F650C2A1A2353007FBDD4 /* StoryPlayer.swift */; };
		37C365BF2A1BCA5300C162C3 /* SQLite in Frameworks */ = {isa = PBXBuildFile; productRef = 37C365BE2A1BCA5300C162C3 /* SQLite */; };
		37C365C22A1C49E800C162C3 /* Model.xcdatamodeld in Sources */ = {isa = PBXBuildFile; fileRef = 37C365C02A1C49E800C162C3 /* Model.xcdatamodeld */; };
/* End PBXBuildFile section */

/* Begin PBXContainerItemProxy section */
		378F64902A10ADA0007FBDD4 /* PBXContainerItemProxy */ = {
			isa = PBXContainerItemProxy;
			containerPortal = 378F64772A10AD9F007FBDD4 /* Project object */;
			proxyType = 1;
			remoteGlobalIDString = 378F647E2A10AD9F007FBDD4;
			remoteInfo = l2;
		};
		378F649A2A10ADA0007FBDD4 /* PBXContainerItemProxy */ = {
			isa = PBXContainerItemProxy;
			containerPortal = 378F64772A10AD9F007FBDD4 /* Project object */;
			proxyType = 1;
			remoteGlobalIDString = 378F647E2A10AD9F007FBDD4;
			remoteInfo = l2;
		};
/* End PBXContainerItemProxy section */

/* Begin PBXFileReference section */
		3754ED332A1F34D700691725 /* buồn.mp3 */ = {isa = PBXFileReference; lastKnownFileType = audio.mp3; path = "buồn.mp3"; sourceTree = "<group>"; };
		3754ED342A1F34D700691725 /* thank you.mp3 */ = {isa = PBXFileReference; lastKnownFileType = audio.mp3; path = "thank you.mp3"; sourceTree = "<group>"; };
		3754ED352A1F34D700691725 /* bố.mp3 */ = {isa = PBXFileReference; lastKnownFileType = audio.mp3; path = "bố.mp3"; sourceTree = "<group>"; };
		3754ED362A1F34D700691725 /* chicken-little.mp3 */ = {isa = PBXFileReference; lastKnownFileType = audio.mp3; path = "chicken-little.mp3"; sourceTree = "<group>"; };
		3754ED372A1F34D700691725 /* xấu.mp3 */ = {isa = PBXFileReference; lastKnownFileType = audio.mp3; path = "xấu.mp3"; sourceTree = "<group>"; };
		3754ED382A1F34D700691725 /* sai.mp3 */ = {isa = PBXFileReference; lastKnownFileType = audio.mp3; path = sai.mp3; sourceTree = "<group>"; };
		3754ED392A1F34D700691725 /* je t'aime.mp3 */ = {isa = PBXFileReference; lastKnownFileType = audio.mp3; path = "je t'aime.mp3"; sourceTree = "<group>"; };
		3754ED3A2A1F34D700691725 /* ông.mp3 */ = {isa = PBXFileReference; lastKnownFileType = audio.mp3; path = "ông.mp3"; sourceTree = "<group>"; };
		3754ED3B2A1F34D700691725 /* merci.mp3 */ = {isa = PBXFileReference; lastKnownFileType = audio.mp3; path = merci.mp3; sourceTree = "<group>"; };
		3754ED3C2A1F34D700691725 /* chị.mp3 */ = {isa = PBXFileReference; lastKnownFileType = audio.mp3; path = "chị.mp3"; sourceTree = "<group>"; };
		3754ED3D2A1F34D700691725 /* xin chào.mp3 */ = {isa = PBXFileReference; lastKnownFileType = audio.mp3; path = "xin chào.mp3"; sourceTree = "<group>"; };
		3754ED3E2A1F34D700691725 /* vui.mp3 */ = {isa = PBXFileReference; lastKnownFileType = audio.mp3; path = vui.mp3; sourceTree = "<group>"; };
		3754ED3F2A1F34D700691725 /* oui.mp3 */ = {isa = PBXFileReference; lastKnownFileType = audio.mp3; path = oui.mp3; sourceTree = "<group>"; };
		3754ED402A1F34D700691725 /* không có gì.mp3 */ = {isa = PBXFileReference; lastKnownFileType = audio.mp3; path = "không có gì.mp3"; sourceTree = "<group>"; };
		3754ED412A1F34D700691725 /* đúng.mp3 */ = {isa = PBXFileReference; lastKnownFileType = audio.mp3; path = "đúng.mp3"; sourceTree = "<group>"; };
		3754ED422A1F34D700691725 /* con.mp3 */ = {isa = PBXFileReference; lastKnownFileType = audio.mp3; path = con.mp3; sourceTree = "<group>"; };
		3754ED432A1F34D700691725 /* anh.mp3 */ = {isa = PBXFileReference; lastKnownFileType = audio.mp3; path = anh.mp3; sourceTree = "<group>"; };
		3754ED442A1F34D700691725 /* je ne sais pas.mp3 */ = {isa = PBXFileReference; lastKnownFileType = audio.mp3; path = "je ne sais pas.mp3"; sourceTree = "<group>"; };
		3754ED452A1F34D700691725 /* hello.mp3 */ = {isa = PBXFileReference; lastKnownFileType = audio.mp3; path = hello.mp3; sourceTree = "<group>"; };
		3754ED462A1F34D700691725 /* comment.mp3 */ = {isa = PBXFileReference; lastKnownFileType = audio.mp3; path = comment.mp3; sourceTree = "<group>"; };
		3754ED472A1F34D700691725 /* bonjour.mp3 */ = {isa = PBXFileReference; lastKnownFileType = audio.mp3; path = bonjour.mp3; sourceTree = "<group>"; };
		3754ED482A1F34D700691725 /* s'il vous plaît.mp3 */ = {isa = PBXFileReference; lastKnownFileType = audio.mp3; path = "s'il vous plaît.mp3"; sourceTree = "<group>"; };
		3754ED492A1F34D700691725 /* parlez-vous.mp3 */ = {isa = PBXFileReference; lastKnownFileType = audio.mp3; path = "parlez-vous.mp3"; sourceTree = "<group>"; };
		3754ED4A2A1F34D700691725 /* em.mp3 */ = {isa = PBXFileReference; lastKnownFileType = audio.mp3; path = em.mp3; sourceTree = "<group>"; };
		3754ED4B2A1F34D700691725 /* yes.mp3 */ = {isa = PBXFileReference; lastKnownFileType = audio.mp3; path = yes.mp3; sourceTree = "<group>"; };
		3754ED4C2A1F34D700691725 /* excusez-moi.mp3 */ = {isa = PBXFileReference; lastKnownFileType = audio.mp3; path = "excusez-moi.mp3"; sourceTree = "<group>"; };
		3754ED4D2A1F34D700691725 /* moi.mp3 */ = {isa = PBXFileReference; lastKnownFileType = audio.mp3; path = moi.mp3; sourceTree = "<group>"; };
		3754ED4E2A1F34D700691725 /* mẹ.mp3 */ = {isa = PBXFileReference; lastKnownFileType = audio.mp3; path = "mẹ.mp3"; sourceTree = "<group>"; };
		3754ED4F2A1F34D700691725 /* bonne nuit.mp3 */ = {isa = PBXFileReference; lastKnownFileType = audio.mp3; path = "bonne nuit.mp3"; sourceTree = "<group>"; };
		3754ED502A1F34D700691725 /* sorry.mp3 */ = {isa = PBXFileReference; lastKnownFileType = audio.mp3; path = sorry.mp3; sourceTree = "<group>"; };
		3754ED512A1F34D700691725 /* cảm ơn.mp3 */ = {isa = PBXFileReference; lastKnownFileType = audio.mp3; path = "cảm ơn.mp3"; sourceTree = "<group>"; };
		3754ED522A1F34D700691725 /* ma femme.mp3 */ = {isa = PBXFileReference; lastKnownFileType = audio.mp3; path = "ma femme.mp3"; sourceTree = "<group>"; };
		3754ED532A1F34D700691725 /* tốt.mp3 */ = {isa = PBXFileReference; lastKnownFileType = audio.mp3; path = "tốt.mp3"; sourceTree = "<group>"; };
		3754ED542A1F34D700691725 /* non.mp3 */ = {isa = PBXFileReference; lastKnownFileType = audio.mp3; path = non.mp3; sourceTree = "<group>"; };
		3754ED552A1F34D700691725 /* au revoir.mp3 */ = {isa = PBXFileReference; lastKnownFileType = audio.mp3; path = "au revoir.mp3"; sourceTree = "<group>"; };
		3754ED562A1F34D700691725 /* bà.mp3 */ = {isa = PBXFileReference; lastKnownFileType = audio.mp3; path = "bà.mp3"; sourceTree = "<group>"; };
		3754ED572A1F34D700691725 /* excuse me.mp3 */ = {isa = PBXFileReference; lastKnownFileType = audio.mp3; path = "excuse me.mp3"; sourceTree = "<group>"; };
		3754ED582A1F34D700691725 /* goodbye.mp3 */ = {isa = PBXFileReference; lastKnownFileType = audio.mp3; path = goodbye.mp3; sourceTree = "<group>"; };
		3754ED592A1F34D700691725 /* ma femme est belle.mp3 */ = {isa = PBXFileReference; lastKnownFileType = audio.mp3; path = "ma femme est belle.mp3"; sourceTree = "<group>"; };
		3754ED5A2A1F34D700691725 /* please.mp3 */ = {isa = PBXFileReference; lastKnownFileType = audio.mp3; path = please.mp3; sourceTree = "<group>"; };
		3754ED5B2A1F34D700691725 /* tạm biệt.mp3 */ = {isa = PBXFileReference; lastKnownFileType = audio.mp3; path = "tạm biệt.mp3"; sourceTree = "<group>"; };
		3754ED5C2A1F34D700691725 /* no.mp3 */ = {isa = PBXFileReference; lastKnownFileType = audio.mp3; path = no.mp3; sourceTree = "<group>"; };
		377ACE202A1EE9B100F574B1 /* vocabs2.json */ = {isa = PBXFileReference; fileEncoding = 4; lastKnownFileType = text.json; path = vocabs2.json; sourceTree = "<group>"; };
		378F647F2A10AD9F007FBDD4 /* l2.app */ = {isa = PBXFileReference; explicitFileType = wrapper.application; includeInIndex = 0; path = l2.app; sourceTree = BUILT_PRODUCTS_DIR; };
		378F64822A10AD9F007FBDD4 /* l2App.swift */ = {isa = PBXFileReference; lastKnownFileType = sourcecode.swift; path = l2App.swift; sourceTree = "<group>"; };
		378F64842A10AD9F007FBDD4 /* ContentView.swift */ = {isa = PBXFileReference; lastKnownFileType = sourcecode.swift; path = ContentView.swift; sourceTree = "<group>"; };
		378F64862A10ADA0007FBDD4 /* Assets.xcassets */ = {isa = PBXFileReference; lastKnownFileType = folder.assetcatalog; path = Assets.xcassets; sourceTree = "<group>"; };
		378F64892A10ADA0007FBDD4 /* Preview Assets.xcassets */ = {isa = PBXFileReference; lastKnownFileType = folder.assetcatalog; path = "Preview Assets.xcassets"; sourceTree = "<group>"; };
		378F648F2A10ADA0007FBDD4 /* l2Tests.xctest */ = {isa = PBXFileReference; explicitFileType = wrapper.cfbundle; includeInIndex = 0; path = l2Tests.xctest; sourceTree = BUILT_PRODUCTS_DIR; };
		378F64932A10ADA0007FBDD4 /* l2Tests.swift */ = {isa = PBXFileReference; lastKnownFileType = sourcecode.swift; path = l2Tests.swift; sourceTree = "<group>"; };
		378F64992A10ADA0007FBDD4 /* l2UITests.xctest */ = {isa = PBXFileReference; explicitFileType = wrapper.cfbundle; includeInIndex = 0; path = l2UITests.xctest; sourceTree = BUILT_PRODUCTS_DIR; };
		378F649D2A10ADA0007FBDD4 /* l2UITests.swift */ = {isa = PBXFileReference; lastKnownFileType = sourcecode.swift; path = l2UITests.swift; sourceTree = "<group>"; };
		378F649F2A10ADA0007FBDD4 /* l2UITestsLaunchTests.swift */ = {isa = PBXFileReference; lastKnownFileType = sourcecode.swift; path = l2UITestsLaunchTests.swift; sourceTree = "<group>"; };
		378F64AD2A12795B007FBDD4 /* ViewVocab.swift */ = {isa = PBXFileReference; lastKnownFileType = sourcecode.swift; path = ViewVocab.swift; sourceTree = "<group>"; };
		378F64AF2A12796A007FBDD4 /* ViewB.swift */ = {isa = PBXFileReference; lastKnownFileType = sourcecode.swift; path = ViewB.swift; sourceTree = "<group>"; };
		378F64B12A127986007FBDD4 /* Library.swift */ = {isa = PBXFileReference; lastKnownFileType = sourcecode.swift; path = Library.swift; sourceTree = "<group>"; };
		378F64C82A18DB65007FBDD4 /* ModelData.swift */ = {isa = PBXFileReference; lastKnownFileType = sourcecode.swift; path = ModelData.swift; sourceTree = "<group>"; };
		378F64CA2A18DDDD007FBDD4 /* stories.json */ = {isa = PBXFileReference; lastKnownFileType = text.json; path = stories.json; sourceTree = "<group>"; };
		378F64CC2A18DF9D007FBDD4 /* Story.swift */ = {isa = PBXFileReference; lastKnownFileType = sourcecode.swift; path = Story.swift; sourceTree = "<group>"; };
		378F64CE2A18E1A8007FBDD4 /* StoryDetail.swift */ = {isa = PBXFileReference; lastKnownFileType = sourcecode.swift; path = StoryDetail.swift; sourceTree = "<group>"; };
		378F64D02A18F311007FBDD4 /* ViewVocabDetail.swift */ = {isa = PBXFileReference; lastKnownFileType = sourcecode.swift; path = ViewVocabDetail.swift; sourceTree = "<group>"; };
		378F64D22A18F8F5007FBDD4 /* Settings.swift */ = {isa = PBXFileReference; lastKnownFileType = sourcecode.swift; path = Settings.swift; sourceTree = "<group>"; };
		378F64D42A19A2B7007FBDD4 /* README.md */ = {isa = PBXFileReference; lastKnownFileType = net.daringfireball.markdown; path = README.md; sourceTree = "<group>"; };
		378F64D62A19AD71007FBDD4 /* vocabs.json */ = {isa = PBXFileReference; lastKnownFileType = text.json; path = vocabs.json; sourceTree = "<group>"; };
		378F64D82A19ADC9007FBDD4 /* Vocab.swift */ = {isa = PBXFileReference; lastKnownFileType = sourcecode.swift; path = Vocab.swift; sourceTree = "<group>"; };
		378F64DC2A19B186007FBDD4 /* Language.swift */ = {isa = PBXFileReference; lastKnownFileType = sourcecode.swift; path = Language.swift; sourceTree = "<group>"; };
		378F64E22A19B32F007FBDD4 /* languages.json */ = {isa = PBXFileReference; lastKnownFileType = text.json; path = languages.json; sourceTree = "<group>"; };
		378F650C2A1A2353007FBDD4 /* StoryPlayer.swift */ = {isa = PBXFileReference; lastKnownFileType = sourcecode.swift; path = StoryPlayer.swift; sourceTree = "<group>"; };
		37C365BC2A1BC7CF00C162C3 /* database.sqlite3 */ = {isa = PBXFileReference; lastKnownFileType = file; path = database.sqlite3; sourceTree = "<group>"; };
		37C365C12A1C49E800C162C3 /* Model.xcdatamodel */ = {isa = PBXFileReference; lastKnownFileType = wrapper.xcdatamodel; path = Model.xcdatamodel; sourceTree = "<group>"; };
/* End PBXFileReference section */

/* Begin PBXFrameworksBuildPhase section */
		378F647C2A10AD9F007FBDD4 /* Frameworks */ = {
			isa = PBXFrameworksBuildPhase;
			buildActionMask = 2147483647;
			files = (
				37C365BF2A1BCA5300C162C3 /* SQLite in Frameworks */,
			);
			runOnlyForDeploymentPostprocessing = 0;
		};
		378F648C2A10ADA0007FBDD4 /* Frameworks */ = {
			isa = PBXFrameworksBuildPhase;
			buildActionMask = 2147483647;
			files = (
			);
			runOnlyForDeploymentPostprocessing = 0;
		};
		378F64962A10ADA0007FBDD4 /* Frameworks */ = {
			isa = PBXFrameworksBuildPhase;
			buildActionMask = 2147483647;
			files = (
			);
			runOnlyForDeploymentPostprocessing = 0;
		};
/* End PBXFrameworksBuildPhase section */

/* Begin PBXGroup section */
		3754ED322A1F34D700691725 /* Sounds */ = {
			isa = PBXGroup;
			children = (
				3754ED332A1F34D700691725 /* buồn.mp3 */,
				3754ED342A1F34D700691725 /* thank you.mp3 */,
				3754ED352A1F34D700691725 /* bố.mp3 */,
				3754ED362A1F34D700691725 /* chicken-little.mp3 */,
				3754ED372A1F34D700691725 /* xấu.mp3 */,
				3754ED382A1F34D700691725 /* sai.mp3 */,
				3754ED392A1F34D700691725 /* je t'aime.mp3 */,
				3754ED3A2A1F34D700691725 /* ông.mp3 */,
				3754ED3B2A1F34D700691725 /* merci.mp3 */,
				3754ED3C2A1F34D700691725 /* chị.mp3 */,
				3754ED3D2A1F34D700691725 /* xin chào.mp3 */,
				3754ED3E2A1F34D700691725 /* vui.mp3 */,
				3754ED3F2A1F34D700691725 /* oui.mp3 */,
				3754ED402A1F34D700691725 /* không có gì.mp3 */,
				3754ED412A1F34D700691725 /* đúng.mp3 */,
				3754ED422A1F34D700691725 /* con.mp3 */,
				3754ED432A1F34D700691725 /* anh.mp3 */,
				3754ED442A1F34D700691725 /* je ne sais pas.mp3 */,
				3754ED452A1F34D700691725 /* hello.mp3 */,
				3754ED462A1F34D700691725 /* comment.mp3 */,
				3754ED472A1F34D700691725 /* bonjour.mp3 */,
				3754ED482A1F34D700691725 /* s'il vous plaît.mp3 */,
				3754ED492A1F34D700691725 /* parlez-vous.mp3 */,
				3754ED4A2A1F34D700691725 /* em.mp3 */,
				3754ED4B2A1F34D700691725 /* yes.mp3 */,
				3754ED4C2A1F34D700691725 /* excusez-moi.mp3 */,
				3754ED4D2A1F34D700691725 /* moi.mp3 */,
				3754ED4E2A1F34D700691725 /* mẹ.mp3 */,
				3754ED4F2A1F34D700691725 /* bonne nuit.mp3 */,
				3754ED502A1F34D700691725 /* sorry.mp3 */,
				3754ED512A1F34D700691725 /* cảm ơn.mp3 */,
				3754ED522A1F34D700691725 /* ma femme.mp3 */,
				3754ED532A1F34D700691725 /* tốt.mp3 */,
				3754ED542A1F34D700691725 /* non.mp3 */,
				3754ED552A1F34D700691725 /* au revoir.mp3 */,
				3754ED562A1F34D700691725 /* bà.mp3 */,
				3754ED572A1F34D700691725 /* excuse me.mp3 */,
				3754ED582A1F34D700691725 /* goodbye.mp3 */,
				3754ED592A1F34D700691725 /* ma femme est belle.mp3 */,
				3754ED5A2A1F34D700691725 /* please.mp3 */,
				3754ED5B2A1F34D700691725 /* tạm biệt.mp3 */,
				3754ED5C2A1F34D700691725 /* no.mp3 */,
			);
			name = Sounds;
			path = l2/Sounds;
			sourceTree = SOURCE_ROOT;
		};
		378F64762A10AD9F007FBDD4 = {
			isa = PBXGroup;
			children = (
				378F64D42A19A2B7007FBDD4 /* README.md */,
				378F64812A10AD9F007FBDD4 /* l2 */,
				378F64922A10ADA0007FBDD4 /* l2Tests */,
				378F649C2A10ADA0007FBDD4 /* l2UITests */,
				378F64802A10AD9F007FBDD4 /* Products */,
			);
			sourceTree = "<group>";
		};
		378F64802A10AD9F007FBDD4 /* Products */ = {
			isa = PBXGroup;
			children = (
				378F647F2A10AD9F007FBDD4 /* l2.app */,
				378F648F2A10ADA0007FBDD4 /* l2Tests.xctest */,
				378F64992A10ADA0007FBDD4 /* l2UITests.xctest */,
			);
			name = Products;
			sourceTree = "<group>";
		};
		378F64812A10AD9F007FBDD4 /* l2 */ = {
			isa = PBXGroup;
			children = (
				378F64DB2A19AFC2007FBDD4 /* Model */,
				378F64DA2A19AFA6007FBDD4 /* Data */,
				378F64AC2A12792E007FBDD4 /* Views */,
				378F64822A10AD9F007FBDD4 /* l2App.swift */,
				378F64842A10AD9F007FBDD4 /* ContentView.swift */,
				378F64862A10ADA0007FBDD4 /* Assets.xcassets */,
				378F64882A10ADA0007FBDD4 /* Preview Content */,
				378F64C82A18DB65007FBDD4 /* ModelData.swift */,
			);
			path = l2;
			sourceTree = "<group>";
		};
		378F64882A10ADA0007FBDD4 /* Preview Content */ = {
			isa = PBXGroup;
			children = (
				378F64892A10ADA0007FBDD4 /* Preview Assets.xcassets */,
			);
			path = "Preview Content";
			sourceTree = "<group>";
		};
		378F64922A10ADA0007FBDD4 /* l2Tests */ = {
			isa = PBXGroup;
			children = (
				378F64932A10ADA0007FBDD4 /* l2Tests.swift */,
			);
			path = l2Tests;
			sourceTree = "<group>";
		};
		378F649C2A10ADA0007FBDD4 /* l2UITests */ = {
			isa = PBXGroup;
			children = (
				378F649D2A10ADA0007FBDD4 /* l2UITests.swift */,
				378F649F2A10ADA0007FBDD4 /* l2UITestsLaunchTests.swift */,
			);
			path = l2UITests;
			sourceTree = "<group>";
		};
		378F64AC2A12792E007FBDD4 /* Views */ = {
			isa = PBXGroup;
			children = (
				378F64AD2A12795B007FBDD4 /* ViewVocab.swift */,
				378F64D02A18F311007FBDD4 /* ViewVocabDetail.swift */,
				378F64AF2A12796A007FBDD4 /* ViewB.swift */,
				378F64B12A127986007FBDD4 /* Library.swift */,
				378F64CE2A18E1A8007FBDD4 /* StoryDetail.swift */,
				378F64D22A18F8F5007FBDD4 /* Settings.swift */,
				378F650C2A1A2353007FBDD4 /* StoryPlayer.swift */,
			);
			path = Views;
			sourceTree = "<group>";
		};
		378F64DA2A19AFA6007FBDD4 /* Data */ = {
			isa = PBXGroup;
			children = (
				37C365BC2A1BC7CF00C162C3 /* database.sqlite3 */,
				378F64D62A19AD71007FBDD4 /* vocabs.json */,
				377ACE202A1EE9B100F574B1 /* vocabs2.json */,
				378F64CA2A18DDDD007FBDD4 /* stories.json */,
				378F64E22A19B32F007FBDD4 /* languages.json */,
				37C365C02A1C49E800C162C3 /* Model.xcdatamodeld */,
				3754ED322A1F34D700691725 /* Sounds */,
			);
			path = Data;
			sourceTree = "<group>";
		};
		378F64DB2A19AFC2007FBDD4 /* Model */ = {
			isa = PBXGroup;
			children = (
				378F64CC2A18DF9D007FBDD4 /* Story.swift */,
				378F64D82A19ADC9007FBDD4 /* Vocab.swift */,
				378F64DC2A19B186007FBDD4 /* Language.swift */,
			);
			path = Model;
			sourceTree = "<group>";
		};
/* End PBXGroup section */

/* Begin PBXNativeTarget section */
		378F647E2A10AD9F007FBDD4 /* l2 */ = {
			isa = PBXNativeTarget;
			buildConfigurationList = 378F64A32A10ADA0007FBDD4 /* Build configuration list for PBXNativeTarget "l2" */;
			buildPhases = (
				378F647B2A10AD9F007FBDD4 /* Sources */,
				378F647C2A10AD9F007FBDD4 /* Frameworks */,
				378F647D2A10AD9F007FBDD4 /* Resources */,
			);
			buildRules = (
			);
			dependencies = (
			);
			name = l2;
			packageProductDependencies = (
				37C365BE2A1BCA5300C162C3 /* SQLite */,
			);
			productName = l2;
			productReference = 378F647F2A10AD9F007FBDD4 /* l2.app */;
			productType = "com.apple.product-type.application";
		};
		378F648E2A10ADA0007FBDD4 /* l2Tests */ = {
			isa = PBXNativeTarget;
			buildConfigurationList = 378F64A62A10ADA0007FBDD4 /* Build configuration list for PBXNativeTarget "l2Tests" */;
			buildPhases = (
				378F648B2A10ADA0007FBDD4 /* Sources */,
				378F648C2A10ADA0007FBDD4 /* Frameworks */,
				378F648D2A10ADA0007FBDD4 /* Resources */,
			);
			buildRules = (
			);
			dependencies = (
				378F64912A10ADA0007FBDD4 /* PBXTargetDependency */,
			);
			name = l2Tests;
			productName = l2Tests;
			productReference = 378F648F2A10ADA0007FBDD4 /* l2Tests.xctest */;
			productType = "com.apple.product-type.bundle.unit-test";
		};
		378F64982A10ADA0007FBDD4 /* l2UITests */ = {
			isa = PBXNativeTarget;
			buildConfigurationList = 378F64A92A10ADA0007FBDD4 /* Build configuration list for PBXNativeTarget "l2UITests" */;
			buildPhases = (
				378F64952A10ADA0007FBDD4 /* Sources */,
				378F64962A10ADA0007FBDD4 /* Frameworks */,
				378F64972A10ADA0007FBDD4 /* Resources */,
			);
			buildRules = (
			);
			dependencies = (
				378F649B2A10ADA0007FBDD4 /* PBXTargetDependency */,
			);
			name = l2UITests;
			productName = l2UITests;
			productReference = 378F64992A10ADA0007FBDD4 /* l2UITests.xctest */;
			productType = "com.apple.product-type.bundle.ui-testing";
		};
/* End PBXNativeTarget section */

/* Begin PBXProject section */
		378F64772A10AD9F007FBDD4 /* Project object */ = {
			isa = PBXProject;
			attributes = {
				BuildIndependentTargetsInParallel = 1;
				LastSwiftUpdateCheck = 1430;
				LastUpgradeCheck = 1430;
				TargetAttributes = {
					378F647E2A10AD9F007FBDD4 = {
						CreatedOnToolsVersion = 14.3;
					};
					378F648E2A10ADA0007FBDD4 = {
						CreatedOnToolsVersion = 14.3;
						TestTargetID = 378F647E2A10AD9F007FBDD4;
					};
					378F64982A10ADA0007FBDD4 = {
						CreatedOnToolsVersion = 14.3;
						TestTargetID = 378F647E2A10AD9F007FBDD4;
					};
				};
			};
			buildConfigurationList = 378F647A2A10AD9F007FBDD4 /* Build configuration list for PBXProject "l2" */;
			compatibilityVersion = "Xcode 14.0";
			developmentRegion = en;
			hasScannedForEncodings = 0;
			knownRegions = (
				en,
				Base,
			);
			mainGroup = 378F64762A10AD9F007FBDD4;
			packageReferences = (
				37C365BD2A1BCA5300C162C3 /* XCRemoteSwiftPackageReference "SQLite" */,
			);
			productRefGroup = 378F64802A10AD9F007FBDD4 /* Products */;
			projectDirPath = "";
			projectRoot = "";
			targets = (
				378F647E2A10AD9F007FBDD4 /* l2 */,
				378F648E2A10ADA0007FBDD4 /* l2Tests */,
				378F64982A10ADA0007FBDD4 /* l2UITests */,
			);
		};
/* End PBXProject section */

/* Begin PBXResourcesBuildPhase section */
		378F647D2A10AD9F007FBDD4 /* Resources */ = {
			isa = PBXResourcesBuildPhase;
			buildActionMask = 2147483647;
			files = (
				3754ED842A1F34D700691725 /* please.mp3 in Resources */,
				3754ED782A1F34D700691725 /* mẹ.mp3 in Resources */,
				3754ED772A1F34D700691725 /* moi.mp3 in Resources */,
				377ACE212A1EE9B100F574B1 /* vocabs2.json in Resources */,
				378F64CB2A18DDDD007FBDD4 /* stories.json in Resources */,
				378F648A2A10ADA0007FBDD4 /* Preview Assets.xcassets in Resources */,
				3754ED672A1F34D700691725 /* xin chào.mp3 in Resources */,
				3754ED612A1F34D700691725 /* xấu.mp3 in Resources */,
				3754ED7C2A1F34D700691725 /* ma femme.mp3 in Resources */,
				3754ED832A1F34D700691725 /* ma femme est belle.mp3 in Resources */,
				3754ED6F2A1F34D700691725 /* hello.mp3 in Resources */,
				3754ED6C2A1F34D700691725 /* con.mp3 in Resources */,
				3754ED602A1F34D700691725 /* chicken-little.mp3 in Resources */,
				378F64D72A19AD71007FBDD4 /* vocabs.json in Resources */,
				378F64D52A19A2B7007FBDD4 /* README.md in Resources */,
				3754ED722A1F34D700691725 /* s'il vous plaît.mp3 in Resources */,
				3754ED652A1F34D700691725 /* merci.mp3 in Resources */,
				3754ED662A1F34D700691725 /* chị.mp3 in Resources */,
				3754ED712A1F34D700691725 /* bonjour.mp3 in Resources */,
				3754ED7B2A1F34D700691725 /* cảm ơn.mp3 in Resources */,
				3754ED812A1F34D700691725 /* excuse me.mp3 in Resources */,
				3754ED5F2A1F34D700691725 /* bố.mp3 in Resources */,
				3754ED802A1F34D700691725 /* bà.mp3 in Resources */,
				3754ED6D2A1F34D700691725 /* anh.mp3 in Resources */,
				3754ED6E2A1F34D700691725 /* je ne sais pas.mp3 in Resources */,
				3754ED822A1F34D700691725 /* goodbye.mp3 in Resources */,
				3754ED762A1F34D700691725 /* excusez-moi.mp3 in Resources */,
				3754ED5E2A1F34D700691725 /* thank you.mp3 in Resources */,
				3754ED6B2A1F34D700691725 /* đúng.mp3 in Resources */,
				3754ED732A1F34D700691725 /* parlez-vous.mp3 in Resources */,
				3754ED632A1F34D700691725 /* je t'aime.mp3 in Resources */,
				378F64872A10ADA0007FBDD4 /* Assets.xcassets in Resources */,
				3754ED752A1F34D700691725 /* yes.mp3 in Resources */,
				3754ED792A1F34D700691725 /* bonne nuit.mp3 in Resources */,
				3754ED852A1F34D700691725 /* tạm biệt.mp3 in Resources */,
				3754ED862A1F34D700691725 /* no.mp3 in Resources */,
				3754ED682A1F34D700691725 /* vui.mp3 in Resources */,
				3754ED5D2A1F34D700691725 /* buồn.mp3 in Resources */,
				3754ED6A2A1F34D700691725 /* không có gì.mp3 in Resources */,
				3754ED702A1F34D700691725 /* comment.mp3 in Resources */,
				3754ED7E2A1F34D700691725 /* non.mp3 in Resources */,
				3754ED642A1F34D700691725 /* ông.mp3 in Resources */,
				3754ED622A1F34D700691725 /* sai.mp3 in Resources */,
				3754ED692A1F34D700691725 /* oui.mp3 in Resources */,
				378F64E32A19B32F007FBDD4 /* languages.json in Resources */,
				3754ED7A2A1F34D700691725 /* sorry.mp3 in Resources */,
				3754ED7D2A1F34D700691725 /* tốt.mp3 in Resources */,
				3754ED7F2A1F34D700691725 /* au revoir.mp3 in Resources */,
				3754ED742A1F34D700691725 /* em.mp3 in Resources */,
			);
			runOnlyForDeploymentPostprocessing = 0;
		};
		378F648D2A10ADA0007FBDD4 /* Resources */ = {
			isa = PBXResourcesBuildPhase;
			buildActionMask = 2147483647;
			files = (
			);
			runOnlyForDeploymentPostprocessing = 0;
		};
		378F64972A10ADA0007FBDD4 /* Resources */ = {
			isa = PBXResourcesBuildPhase;
			buildActionMask = 2147483647;
			files = (
			);
			runOnlyForDeploymentPostprocessing = 0;
		};
/* End PBXResourcesBuildPhase section */

/* Begin PBXSourcesBuildPhase section */
		378F647B2A10AD9F007FBDD4 /* Sources */ = {
			isa = PBXSourcesBuildPhase;
			buildActionMask = 2147483647;
			files = (
				378F64CF2A18E1A8007FBDD4 /* StoryDetail.swift in Sources */,
				378F64CD2A18DF9D007FBDD4 /* Story.swift in Sources */,
				378F64D12A18F311007FBDD4 /* ViewVocabDetail.swift in Sources */,
				37C365C22A1C49E800C162C3 /* Model.xcdatamodeld in Sources */,
				378F64852A10AD9F007FBDD4 /* ContentView.swift in Sources */,
				378F64D32A18F8F5007FBDD4 /* Settings.swift in Sources */,
				378F64AE2A12795B007FBDD4 /* ViewVocab.swift in Sources */,
				378F650D2A1A2353007FBDD4 /* StoryPlayer.swift in Sources */,
				378F64D92A19ADC9007FBDD4 /* Vocab.swift in Sources */,
				378F64B22A127986007FBDD4 /* Library.swift in Sources */,
				378F64832A10AD9F007FBDD4 /* l2App.swift in Sources */,
				378F64DD2A19B186007FBDD4 /* Language.swift in Sources */,
				378F64B02A12796A007FBDD4 /* ViewB.swift in Sources */,
				378F64C92A18DB65007FBDD4 /* ModelData.swift in Sources */,
			);
			runOnlyForDeploymentPostprocessing = 0;
		};
		378F648B2A10ADA0007FBDD4 /* Sources */ = {
			isa = PBXSourcesBuildPhase;
			buildActionMask = 2147483647;
			files = (
				378F64942A10ADA0007FBDD4 /* l2Tests.swift in Sources */,
			);
			runOnlyForDeploymentPostprocessing = 0;
		};
		378F64952A10ADA0007FBDD4 /* Sources */ = {
			isa = PBXSourcesBuildPhase;
			buildActionMask = 2147483647;
			files = (
				378F64A02A10ADA0007FBDD4 /* l2UITestsLaunchTests.swift in Sources */,
				378F649E2A10ADA0007FBDD4 /* l2UITests.swift in Sources */,
			);
			runOnlyForDeploymentPostprocessing = 0;
		};
/* End PBXSourcesBuildPhase section */

/* Begin PBXTargetDependency section */
		378F64912A10ADA0007FBDD4 /* PBXTargetDependency */ = {
			isa = PBXTargetDependency;
			target = 378F647E2A10AD9F007FBDD4 /* l2 */;
			targetProxy = 378F64902A10ADA0007FBDD4 /* PBXContainerItemProxy */;
		};
		378F649B2A10ADA0007FBDD4 /* PBXTargetDependency */ = {
			isa = PBXTargetDependency;
			target = 378F647E2A10AD9F007FBDD4 /* l2 */;
			targetProxy = 378F649A2A10ADA0007FBDD4 /* PBXContainerItemProxy */;
		};
/* End PBXTargetDependency section */

/* Begin XCBuildConfiguration section */
		378F64A12A10ADA0007FBDD4 /* Debug */ = {
			isa = XCBuildConfiguration;
			buildSettings = {
				ALWAYS_SEARCH_USER_PATHS = NO;
				CLANG_ANALYZER_NONNULL = YES;
				CLANG_ANALYZER_NUMBER_OBJECT_CONVERSION = YES_AGGRESSIVE;
				CLANG_CXX_LANGUAGE_STANDARD = "gnu++20";
				CLANG_ENABLE_MODULES = YES;
				CLANG_ENABLE_OBJC_ARC = YES;
				CLANG_ENABLE_OBJC_WEAK = YES;
				CLANG_WARN_BLOCK_CAPTURE_AUTORELEASING = YES;
				CLANG_WARN_BOOL_CONVERSION = YES;
				CLANG_WARN_COMMA = YES;
				CLANG_WARN_CONSTANT_CONVERSION = YES;
				CLANG_WARN_DEPRECATED_OBJC_IMPLEMENTATIONS = YES;
				CLANG_WARN_DIRECT_OBJC_ISA_USAGE = YES_ERROR;
				CLANG_WARN_DOCUMENTATION_COMMENTS = YES;
				CLANG_WARN_EMPTY_BODY = YES;
				CLANG_WARN_ENUM_CONVERSION = YES;
				CLANG_WARN_INFINITE_RECURSION = YES;
				CLANG_WARN_INT_CONVERSION = YES;
				CLANG_WARN_NON_LITERAL_NULL_CONVERSION = YES;
				CLANG_WARN_OBJC_IMPLICIT_RETAIN_SELF = YES;
				CLANG_WARN_OBJC_LITERAL_CONVERSION = YES;
				CLANG_WARN_OBJC_ROOT_CLASS = YES_ERROR;
				CLANG_WARN_QUOTED_INCLUDE_IN_FRAMEWORK_HEADER = YES;
				CLANG_WARN_RANGE_LOOP_ANALYSIS = YES;
				CLANG_WARN_STRICT_PROTOTYPES = YES;
				CLANG_WARN_SUSPICIOUS_MOVE = YES;
				CLANG_WARN_UNGUARDED_AVAILABILITY = YES_AGGRESSIVE;
				CLANG_WARN_UNREACHABLE_CODE = YES;
				CLANG_WARN__DUPLICATE_METHOD_MATCH = YES;
				COPY_PHASE_STRIP = NO;
				DEBUG_INFORMATION_FORMAT = dwarf;
				ENABLE_STRICT_OBJC_MSGSEND = YES;
				ENABLE_TESTABILITY = YES;
				GCC_C_LANGUAGE_STANDARD = gnu11;
				GCC_DYNAMIC_NO_PIC = NO;
				GCC_NO_COMMON_BLOCKS = YES;
				GCC_OPTIMIZATION_LEVEL = 0;
				GCC_PREPROCESSOR_DEFINITIONS = (
					"DEBUG=1",
					"$(inherited)",
				);
				GCC_WARN_64_TO_32_BIT_CONVERSION = YES;
				GCC_WARN_ABOUT_RETURN_TYPE = YES_ERROR;
				GCC_WARN_UNDECLARED_SELECTOR = YES;
				GCC_WARN_UNINITIALIZED_AUTOS = YES_AGGRESSIVE;
				GCC_WARN_UNUSED_FUNCTION = YES;
				GCC_WARN_UNUSED_VARIABLE = YES;
				IPHONEOS_DEPLOYMENT_TARGET = 16.4;
				MTL_ENABLE_DEBUG_INFO = INCLUDE_SOURCE;
				MTL_FAST_MATH = YES;
				ONLY_ACTIVE_ARCH = YES;
				SDKROOT = iphoneos;
				SWIFT_ACTIVE_COMPILATION_CONDITIONS = DEBUG;
				SWIFT_OPTIMIZATION_LEVEL = "-Onone";
			};
			name = Debug;
		};
		378F64A22A10ADA0007FBDD4 /* Release */ = {
			isa = XCBuildConfiguration;
			buildSettings = {
				ALWAYS_SEARCH_USER_PATHS = NO;
				CLANG_ANALYZER_NONNULL = YES;
				CLANG_ANALYZER_NUMBER_OBJECT_CONVERSION = YES_AGGRESSIVE;
				CLANG_CXX_LANGUAGE_STANDARD = "gnu++20";
				CLANG_ENABLE_MODULES = YES;
				CLANG_ENABLE_OBJC_ARC = YES;
				CLANG_ENABLE_OBJC_WEAK = YES;
				CLANG_WARN_BLOCK_CAPTURE_AUTORELEASING = YES;
				CLANG_WARN_BOOL_CONVERSION = YES;
				CLANG_WARN_COMMA = YES;
				CLANG_WARN_CONSTANT_CONVERSION = YES;
				CLANG_WARN_DEPRECATED_OBJC_IMPLEMENTATIONS = YES;
				CLANG_WARN_DIRECT_OBJC_ISA_USAGE = YES_ERROR;
				CLANG_WARN_DOCUMENTATION_COMMENTS = YES;
				CLANG_WARN_EMPTY_BODY = YES;
				CLANG_WARN_ENUM_CONVERSION = YES;
				CLANG_WARN_INFINITE_RECURSION = YES;
				CLANG_WARN_INT_CONVERSION = YES;
				CLANG_WARN_NON_LITERAL_NULL_CONVERSION = YES;
				CLANG_WARN_OBJC_IMPLICIT_RETAIN_SELF = YES;
				CLANG_WARN_OBJC_LITERAL_CONVERSION = YES;
				CLANG_WARN_OBJC_ROOT_CLASS = YES_ERROR;
				CLANG_WARN_QUOTED_INCLUDE_IN_FRAMEWORK_HEADER = YES;
				CLANG_WARN_RANGE_LOOP_ANALYSIS = YES;
				CLANG_WARN_STRICT_PROTOTYPES = YES;
				CLANG_WARN_SUSPICIOUS_MOVE = YES;
				CLANG_WARN_UNGUARDED_AVAILABILITY = YES_AGGRESSIVE;
				CLANG_WARN_UNREACHABLE_CODE = YES;
				CLANG_WARN__DUPLICATE_METHOD_MATCH = YES;
				COPY_PHASE_STRIP = NO;
				DEBUG_INFORMATION_FORMAT = "dwarf-with-dsym";
				ENABLE_NS_ASSERTIONS = NO;
				ENABLE_STRICT_OBJC_MSGSEND = YES;
				GCC_C_LANGUAGE_STANDARD = gnu11;
				GCC_NO_COMMON_BLOCKS = YES;
				GCC_WARN_64_TO_32_BIT_CONVERSION = YES;
				GCC_WARN_ABOUT_RETURN_TYPE = YES_ERROR;
				GCC_WARN_UNDECLARED_SELECTOR = YES;
				GCC_WARN_UNINITIALIZED_AUTOS = YES_AGGRESSIVE;
				GCC_WARN_UNUSED_FUNCTION = YES;
				GCC_WARN_UNUSED_VARIABLE = YES;
				IPHONEOS_DEPLOYMENT_TARGET = 16.4;
				MTL_ENABLE_DEBUG_INFO = NO;
				MTL_FAST_MATH = YES;
				SDKROOT = iphoneos;
				SWIFT_COMPILATION_MODE = wholemodule;
				SWIFT_OPTIMIZATION_LEVEL = "-O";
				VALIDATE_PRODUCT = YES;
			};
			name = Release;
		};
		378F64A42A10ADA0007FBDD4 /* Debug */ = {
			isa = XCBuildConfiguration;
			buildSettings = {
				ASSETCATALOG_COMPILER_APPICON_NAME = AppIcon;
				ASSETCATALOG_COMPILER_GLOBAL_ACCENT_COLOR_NAME = AccentColor;
				CODE_SIGN_STYLE = Automatic;
				CURRENT_PROJECT_VERSION = 1;
				DEVELOPMENT_ASSET_PATHS = "\"l2/Preview Content\"";
				DEVELOPMENT_TEAM = X6LP74JH23;
				ENABLE_PREVIEWS = YES;
				GENERATE_INFOPLIST_FILE = YES;
				INFOPLIST_KEY_UIApplicationSceneManifest_Generation = YES;
				INFOPLIST_KEY_UIApplicationSupportsIndirectInputEvents = YES;
				INFOPLIST_KEY_UILaunchScreen_Generation = YES;
				INFOPLIST_KEY_UISupportedInterfaceOrientations_iPad = "UIInterfaceOrientationPortrait UIInterfaceOrientationPortraitUpsideDown UIInterfaceOrientationLandscapeLeft UIInterfaceOrientationLandscapeRight";
				INFOPLIST_KEY_UISupportedInterfaceOrientations_iPhone = "UIInterfaceOrientationPortrait UIInterfaceOrientationLandscapeLeft UIInterfaceOrientationLandscapeRight";
				LD_RUNPATH_SEARCH_PATHS = (
					"$(inherited)",
					"@executable_path/Frameworks",
				);
				MARKETING_VERSION = 1.0;
				PRODUCT_BUNDLE_IDENTIFIER = com.undertheseanlp.l2;
				PRODUCT_NAME = "$(TARGET_NAME)";
				SWIFT_EMIT_LOC_STRINGS = YES;
				SWIFT_VERSION = 5.0;
				TARGETED_DEVICE_FAMILY = "1,2";
			};
			name = Debug;
		};
		378F64A52A10ADA0007FBDD4 /* Release */ = {
			isa = XCBuildConfiguration;
			buildSettings = {
				ASSETCATALOG_COMPILER_APPICON_NAME = AppIcon;
				ASSETCATALOG_COMPILER_GLOBAL_ACCENT_COLOR_NAME = AccentColor;
				CODE_SIGN_STYLE = Automatic;
				CURRENT_PROJECT_VERSION = 1;
				DEVELOPMENT_ASSET_PATHS = "\"l2/Preview Content\"";
				DEVELOPMENT_TEAM = X6LP74JH23;
				ENABLE_PREVIEWS = YES;
				GENERATE_INFOPLIST_FILE = YES;
				INFOPLIST_KEY_UIApplicationSceneManifest_Generation = YES;
				INFOPLIST_KEY_UIApplicationSupportsIndirectInputEvents = YES;
				INFOPLIST_KEY_UILaunchScreen_Generation = YES;
				INFOPLIST_KEY_UISupportedInterfaceOrientations_iPad = "UIInterfaceOrientationPortrait UIInterfaceOrientationPortraitUpsideDown UIInterfaceOrientationLandscapeLeft UIInterfaceOrientationLandscapeRight";
				INFOPLIST_KEY_UISupportedInterfaceOrientations_iPhone = "UIInterfaceOrientationPortrait UIInterfaceOrientationLandscapeLeft UIInterfaceOrientationLandscapeRight";
				LD_RUNPATH_SEARCH_PATHS = (
					"$(inherited)",
					"@executable_path/Frameworks",
				);
				MARKETING_VERSION = 1.0;
				PRODUCT_BUNDLE_IDENTIFIER = com.undertheseanlp.l2;
				PRODUCT_NAME = "$(TARGET_NAME)";
				SWIFT_EMIT_LOC_STRINGS = YES;
				SWIFT_VERSION = 5.0;
				TARGETED_DEVICE_FAMILY = "1,2";
			};
			name = Release;
		};
		378F64A72A10ADA0007FBDD4 /* Debug */ = {
			isa = XCBuildConfiguration;
			buildSettings = {
				ALWAYS_EMBED_SWIFT_STANDARD_LIBRARIES = YES;
				BUNDLE_LOADER = "$(TEST_HOST)";
				CODE_SIGN_STYLE = Automatic;
				CURRENT_PROJECT_VERSION = 1;
				DEVELOPMENT_TEAM = X6LP74JH23;
				GENERATE_INFOPLIST_FILE = YES;
				IPHONEOS_DEPLOYMENT_TARGET = 16.4;
				MARKETING_VERSION = 1.0;
				PRODUCT_BUNDLE_IDENTIFIER = com.undertheseanlp.l2Tests;
				PRODUCT_NAME = "$(TARGET_NAME)";
				SWIFT_EMIT_LOC_STRINGS = NO;
				SWIFT_VERSION = 5.0;
				TARGETED_DEVICE_FAMILY = "1,2";
				TEST_HOST = "$(BUILT_PRODUCTS_DIR)/l2.app/$(BUNDLE_EXECUTABLE_FOLDER_PATH)/l2";
			};
			name = Debug;
		};
		378F64A82A10ADA0007FBDD4 /* Release */ = {
			isa = XCBuildConfiguration;
			buildSettings = {
				ALWAYS_EMBED_SWIFT_STANDARD_LIBRARIES = YES;
				BUNDLE_LOADER = "$(TEST_HOST)";
				CODE_SIGN_STYLE = Automatic;
				CURRENT_PROJECT_VERSION = 1;
				DEVELOPMENT_TEAM = X6LP74JH23;
				GENERATE_INFOPLIST_FILE = YES;
				IPHONEOS_DEPLOYMENT_TARGET = 16.4;
				MARKETING_VERSION = 1.0;
				PRODUCT_BUNDLE_IDENTIFIER = com.undertheseanlp.l2Tests;
				PRODUCT_NAME = "$(TARGET_NAME)";
				SWIFT_EMIT_LOC_STRINGS = NO;
				SWIFT_VERSION = 5.0;
				TARGETED_DEVICE_FAMILY = "1,2";
				TEST_HOST = "$(BUILT_PRODUCTS_DIR)/l2.app/$(BUNDLE_EXECUTABLE_FOLDER_PATH)/l2";
			};
			name = Release;
		};
		378F64AA2A10ADA0007FBDD4 /* Debug */ = {
			isa = XCBuildConfiguration;
			buildSettings = {
				ALWAYS_EMBED_SWIFT_STANDARD_LIBRARIES = YES;
				CODE_SIGN_STYLE = Automatic;
				CURRENT_PROJECT_VERSION = 1;
				DEVELOPMENT_TEAM = X6LP74JH23;
				GENERATE_INFOPLIST_FILE = YES;
				MARKETING_VERSION = 1.0;
				PRODUCT_BUNDLE_IDENTIFIER = com.undertheseanlp.l2UITests;
				PRODUCT_NAME = "$(TARGET_NAME)";
				SWIFT_EMIT_LOC_STRINGS = NO;
				SWIFT_VERSION = 5.0;
				TARGETED_DEVICE_FAMILY = "1,2";
				TEST_TARGET_NAME = l2;
			};
			name = Debug;
		};
		378F64AB2A10ADA0007FBDD4 /* Release */ = {
			isa = XCBuildConfiguration;
			buildSettings = {
				ALWAYS_EMBED_SWIFT_STANDARD_LIBRARIES = YES;
				CODE_SIGN_STYLE = Automatic;
				CURRENT_PROJECT_VERSION = 1;
				DEVELOPMENT_TEAM = X6LP74JH23;
				GENERATE_INFOPLIST_FILE = YES;
				MARKETING_VERSION = 1.0;
				PRODUCT_BUNDLE_IDENTIFIER = com.undertheseanlp.l2UITests;
				PRODUCT_NAME = "$(TARGET_NAME)";
				SWIFT_EMIT_LOC_STRINGS = NO;
				SWIFT_VERSION = 5.0;
				TARGETED_DEVICE_FAMILY = "1,2";
				TEST_TARGET_NAME = l2;
			};
			name = Release;
		};
/* End XCBuildConfiguration section */

/* Begin XCConfigurationList section */
		378F647A2A10AD9F007FBDD4 /* Build configuration list for PBXProject "l2" */ = {
			isa = XCConfigurationList;
			buildConfigurations = (
				378F64A12A10ADA0007FBDD4 /* Debug */,
				378F64A22A10ADA0007FBDD4 /* Release */,
			);
			defaultConfigurationIsVisible = 0;
			defaultConfigurationName = Release;
		};
		378F64A32A10ADA0007FBDD4 /* Build configuration list for PBXNativeTarget "l2" */ = {
			isa = XCConfigurationList;
			buildConfigurations = (
				378F64A42A10ADA0007FBDD4 /* Debug */,
				378F64A52A10ADA0007FBDD4 /* Release */,
			);
			defaultConfigurationIsVisible = 0;
			defaultConfigurationName = Release;
		};
		378F64A62A10ADA0007FBDD4 /* Build configuration list for PBXNativeTarget "l2Tests" */ = {
			isa = XCConfigurationList;
			buildConfigurations = (
				378F64A72A10ADA0007FBDD4 /* Debug */,
				378F64A82A10ADA0007FBDD4 /* Release */,
			);
			defaultConfigurationIsVisible = 0;
			defaultConfigurationName = Release;
		};
		378F64A92A10ADA0007FBDD4 /* Build configuration list for PBXNativeTarget "l2UITests" */ = {
			isa = XCConfigurationList;
			buildConfigurations = (
				378F64AA2A10ADA0007FBDD4 /* Debug */,
				378F64AB2A10ADA0007FBDD4 /* Release */,
			);
			defaultConfigurationIsVisible = 0;
			defaultConfigurationName = Release;
		};
/* End XCConfigurationList section */

/* Begin XCRemoteSwiftPackageReference section */
		37C365BD2A1BCA5300C162C3 /* XCRemoteSwiftPackageReference "SQLite" */ = {
			isa = XCRemoteSwiftPackageReference;
			repositoryURL = "https://github.com/stephencelis/SQLite.swift";
			requirement = {
				kind = upToNextMajorVersion;
				minimumVersion = 0.14.1;
			};
		};
/* End XCRemoteSwiftPackageReference section */

/* Begin XCSwiftPackageProductDependency section */
		37C365BE2A1BCA5300C162C3 /* SQLite */ = {
			isa = XCSwiftPackageProductDependency;
			package = 37C365BD2A1BCA5300C162C3 /* XCRemoteSwiftPackageReference "SQLite" */;
			productName = SQLite;
		};
/* End XCSwiftPackageProductDependency section */

/* Begin XCVersionGroup section */
		37C365C02A1C49E800C162C3 /* Model.xcdatamodeld */ = {
			isa = XCVersionGroup;
			children = (
				37C365C12A1C49E800C162C3 /* Model.xcdatamodel */,
			);
			currentVersion = 37C365C12A1C49E800C162C3 /* Model.xcdatamodel */;
			path = Model.xcdatamodeld;
			sourceTree = "<group>";
			versionGroupType = wrapper.xcdatamodel;
		};
/* End XCVersionGroup section */
	};
	rootObject = 378F64772A10AD9F007FBDD4 /* Project object */;
}
